
Microsoft Visual Studio Solution File, Format Version 12.00
# Visual Studio Version 17
VisualStudioVersion = 17.14.36301.6 d17.14
MinimumVisualStudioVersion = 10.0.40219.1
Project("{FAE04EC0-301F-11D3-BF4B-00C04F79EFBC}") = "StudentRegistrationSystem", "StudentRegistrationSystem.csproj", "{1323783E-4200-47F8-B1A7-D8C579AE7716}"
EndProject
Global
	GlobalSection(SolutionConfigurationPlatforms) = preSolution
		Debug|Any CPU = Debug|Any CPU
		Release|Any CPU = Release|Any CPU
	EndGlobalSection
	GlobalSection(ProjectConfigurationPlatforms) = postSolution
		{1323783E-4200-47F8-B1A7-D8C579AE7716}.Debug|Any CPU.ActiveCfg = Debug|Any CPU
		{1323783E-4200-47F8-B1A7-D8C579AE7716}.Debug|Any CPU.Build.0 = Debug|Any CPU
		{1323783E-4200-47F8-B1A7-D8C579AE7716}.Release|Any CPU.ActiveCfg = Release|Any CPU
		{1323783E-4200-47F8-B1A7-D8C579AE7716}.Release|Any CPU.Build.0 = Release|Any CPU
	EndGlobalSection
	GlobalSection(SolutionProperties) = preSolution
		HideSolutionNode = FALSE
	EndGlobalSection
	GlobalSection(ExtensibilityGlobals) = postSolution
		SolutionGuid = {F4A3A7C3-BA65-46D9-BD16-837A2DB4AA2B}
	EndGlobalSection
EndGlobal
